Microsoft Visual Studio Solution File, Format Version 12.00
# Visual Studio Version 17
VisualStudioVersion = 17.5.2.0
MinimumVisualStudioVersion = 10.0.40219.1
Project("{FAE04EC0-301F-11D3-BF4B-00C04F79EFBC}") = "DesafioHorasMinutosSegundos", "DesafioHorasMinutosSegundos.csproj", "{0F42506D-6DFB-0239-5A1A-161B0E4609A5}"
EndProject
Global
	GlobalSection(SolutionConfigurationPlatforms) = preSolution
		Debug|Any CPU = Debug|Any CPU
		Release|Any CPU = Release|Any CPU
	EndGlobalSection
	GlobalSection(ProjectConfigurationPlatforms) = postSolution
		{0F42506D-6DFB-0239-5A1A-161B0E4609A5}.Debug|Any CPU.ActiveCfg = Debug|Any CPU
		{0F42506D-6DFB-0239-5A1A-161B0E4609A5}.Debug|Any CPU.Build.0 = Debug|Any CPU
		{0F42506D-6DFB-0239-5A1A-161B0E4609A5}.Release|Any CPU.ActiveCfg = Release|Any CPU
		{0F42506D-6DFB-0239-5A1A-161B0E4609A5}.Release|Any CPU.Build.0 = Release|Any CPU
	EndGlobalSection
	GlobalSection(SolutionProperties) = preSolution
		HideSolutionNode = FALSE
	EndGlobalSection
	GlobalSection(ExtensibilityGlobals) = postSolution
		SolutionGuid = {1144DBF1-64F4-4A48-89A8-C5E581AFBAE3}
	EndGlobalSection
EndGlobal
