Microsoft Visual Studio Solution File, Format Version 12.00
# Visual Studio Version 17
VisualStudioVersion = 17.5.2.0
MinimumVisualStudioVersion = 10.0.40219.1
Project("{FAE04EC0-301F-11D3-BF4B-00C04F79EFBC}") = "exemplosFundamentos", "exemplosFundamentos.csproj", "{1C16099A-FC0C-A3E0-D4A7-C83521FA2A44}"
EndProject
Global
	GlobalSection(SolutionConfigurationPlatforms) = preSolution
		Debug|Any CPU = Debug|Any CPU
		Release|Any CPU = Release|Any CPU
	EndGlobalSection
	GlobalSection(ProjectConfigurationPlatforms) = postSolution
		{1C16099A-FC0C-A3E0-D4A7-C83521FA2A44}.Debug|Any CPU.ActiveCfg = Debug|Any CPU
		{1C16099A-FC0C-A3E0-D4A7-C83521FA2A44}.Debug|Any CPU.Build.0 = Debug|Any CPU
		{1C16099A-FC0C-A3E0-D4A7-C83521FA2A44}.Release|Any CPU.ActiveCfg = Release|Any CPU
		{1C16099A-FC0C-A3E0-D4A7-C83521FA2A44}.Release|Any CPU.Build.0 = Release|Any CPU
	EndGlobalSection
	GlobalSection(SolutionProperties) = preSolution
		HideSolutionNode = FALSE
	EndGlobalSection
	GlobalSection(ExtensibilityGlobals) = postSolution
		SolutionGuid = {22D486C9-44CD-45BD-8646-1D6E4C89B86B}
	EndGlobalSection
EndGlobal
