Microsoft Visual Studio Solution File, Format Version 12.00
# Visual Studio Version 17
VisualStudioVersion = 17.5.2.0
MinimumVisualStudioVersion = 10.0.40219.1
Project("{FAE04EC0-301F-11D3-BF4B-00C04F79EFBC}") = "ArrayExemplos", "ArrayExemplos.csproj", "{58EEC644-8BB8-E455-B09B-F483E155B8B6}"
EndProject
Global
	GlobalSection(SolutionConfigurationPlatforms) = preSolution
		Debug|Any CPU = Debug|Any CPU
		Release|Any CPU = Release|Any CPU
	EndGlobalSection
	GlobalSection(ProjectConfigurationPlatforms) = postSolution
		{58EEC644-8BB8-E455-B09B-F483E155B8B6}.Debug|Any CPU.ActiveCfg = Debug|Any CPU
		{58EEC644-8BB8-E455-B09B-F483E155B8B6}.Debug|Any CPU.Build.0 = Debug|Any CPU
		{58EEC644-8BB8-E455-B09B-F483E155B8B6}.Release|Any CPU.ActiveCfg = Release|Any CPU
		{58EEC644-8BB8-E455-B09B-F483E155B8B6}.Release|Any CPU.Build.0 = Release|Any CPU
	EndGlobalSection
	GlobalSection(SolutionProperties) = preSolution
		HideSolutionNode = FALSE
	EndGlobalSection
	GlobalSection(ExtensibilityGlobals) = postSolution
		SolutionGuid = {B646813B-C7EA-481D-A380-0EE753504317}
	EndGlobalSection
EndGlobal
